
Microsoft Visual Studio Solution File, Format Version 12.00
# Visual Studio Version 16
VisualStudioVersion = 16.0.29519.181
MinimumVisualStudioVersion = 10.0.40219.1
Project("{9A19103F-16F7-4668-BE54-9A1E7A4F7556}") = "WebApplication", "WebApplication\WebApplication.csproj", "{D117D9AE-46DB-4016-A518-E6116E85E460}"
EndProject
Project("{FAE04EC0-301F-11D3-BF4B-00C04F79EFBC}") = "BL", "BL\BL.csproj", "{290E5A1A-E771-476D-9E19-D865CFCBD5FF}"
EndProject
Project("{FAE04EC0-301F-11D3-BF4B-00C04F79EFBC}") = "DL", "DL\DL.csproj", "{60F26390-1B43-4AB1-AD40-339F598AB9AF}"
EndProject
Project("{FAE04EC0-301F-11D3-BF4B-00C04F79EFBC}") = "Entities", "Entities\Entities.csproj", "{D1C4842F-2CD0-461B-AD26-D3C88C545DE6}"
EndProject
Global
	GlobalSection(SolutionConfigurationPlatforms) = preSolution
		Debug|Any CPU = Debug|Any CPU
		Release|Any CPU = Release|Any CPU
	EndGlobalSection
	GlobalSection(ProjectConfigurationPlatforms) = postSolution
		{D117D9AE-46DB-4016-A518-E6116E85E460}.Debug|Any CPU.ActiveCfg = Debug|Any CPU
		{D117D9AE-46DB-4016-A518-E6116E85E460}.Debug|Any CPU.Build.0 = Debug|Any CPU
		{D117D9AE-46DB-4016-A518-E6116E85E460}.Release|Any CPU.ActiveCfg = Release|Any CPU
		{D117D9AE-46DB-4016-A518-E6116E85E460}.Release|Any CPU.Build.0 = Release|Any CPU
		{290E5A1A-E771-476D-9E19-D865CFCBD5FF}.Debug|Any CPU.ActiveCfg = Debug|Any CPU
		{290E5A1A-E771-476D-9E19-D865CFCBD5FF}.Debug|Any CPU.Build.0 = Debug|Any CPU
		{290E5A1A-E771-476D-9E19-D865CFCBD5FF}.Release|Any CPU.ActiveCfg = Release|Any CPU
		{290E5A1A-E771-476D-9E19-D865CFCBD5FF}.Release|Any CPU.Build.0 = Release|Any CPU
		{60F26390-1B43-4AB1-AD40-339F598AB9AF}.Debug|Any CPU.ActiveCfg = Debug|Any CPU
		{60F26390-1B43-4AB1-AD40-339F598AB9AF}.Debug|Any CPU.Build.0 = Debug|Any CPU
		{60F26390-1B43-4AB1-AD40-339F598AB9AF}.Release|Any CPU.ActiveCfg = Release|Any CPU
		{60F26390-1B43-4AB1-AD40-339F598AB9AF}.Release|Any CPU.Build.0 = Release|Any CPU
		{D1C4842F-2CD0-461B-AD26-D3C88C545DE6}.Debug|Any CPU.ActiveCfg = Debug|Any CPU
		{D1C4842F-2CD0-461B-AD26-D3C88C545DE6}.Debug|Any CPU.Build.0 = Debug|Any CPU
		{D1C4842F-2CD0-461B-AD26-D3C88C545DE6}.Release|Any CPU.ActiveCfg = Release|Any CPU
		{D1C4842F-2CD0-461B-AD26-D3C88C545DE6}.Release|Any CPU.Build.0 = Release|Any CPU
	EndGlobalSection
	GlobalSection(SolutionProperties) = preSolution
		HideSolutionNode = FALSE
	EndGlobalSection
	GlobalSection(ExtensibilityGlobals) = postSolution
		SolutionGuid = {BAF6B501-DCE3-4DC1-9891-5FE796C6B1E3}
	EndGlobalSection
EndGlobal
